{
  "version": 4,
  "terraform_version": "1.3.9",
  "serial": 15,
  "lineage": "91c1d80a-fbbd-dae3-5677-fbd62853934c",
  "outputs": {
    "external_ip_address_clickhouse-01": {
      "value": "62.84.125.92",
      "type": "string"
    },
    "external_ip_address_lighthouse-01": {
      "value": "158.160.48.48",
      "type": "string"
    },
    "external_ip_address_vector-01": {
      "value": "158.160.54.148",
      "type": "string"
    },
    "internal_ip_address_clickhouse-01": {
      "value": "10.1.2.7",
      "type": "string"
    },
    "internal_ip_address_lighthouse-01": {
      "value": "10.1.2.14",
      "type": "string"
    },
    "internal_ip_address_vector-01": {
      "value": "10.1.2.15",
      "type": "string"
    }
  },
  "resources": [
    {
      "mode": "managed",
      "type": "yandex_compute_image",
      "name": "centos-7",
      "provider": "provider[\"registry.terraform.io/yandex-cloud/yandex\"]",
      "instances": [
        {
          "schema_version": 0,
          "attributes": {
            "created_at": "2023-03-08T18:53:02Z",
            "description": "",
            "family": "",
            "folder_id": "b1gk7s99783hucvo6t4s",
            "id": "fd8jjfdspd625m5cac62",
            "labels": null,
            "min_disk_size": 10,
            "name": "",
            "os_type": null,
            "pooled": false,
            "product_ids": [
              "f2ei2tsbd97v7jap5rhc"
            ],
            "size": 1,
            "source_disk": null,
            "source_family": "centos-7",
            "source_image": null,
            "source_snapshot": null,
            "source_url": null,
            "status": "ready",
            "timeouts": null
          },
          "sensitive_attributes": [],
          "private": "eyJlMmJmYjczMC1lY2FhLTExZTYtOGY4OC0zNDM2M2JjN2M0YzAiOnsiY3JlYXRlIjozMDAwMDAwMDAwMDAsImRlbGV0ZSI6MzAwMDAwMDAwMDAwLCJ1cGRhdGUiOjMwMDAwMDAwMDAwMH19"
        }
      ]
    },
    {
      "mode": "managed",
      "type": "yandex_compute_instance",
      "name": "clickhouse-01",
      "provider": "provider[\"registry.terraform.io/yandex-cloud/yandex\"]",
      "instances": [
        {
          "schema_version": 1,
          "attributes": {
            "allow_recreate": null,
            "allow_stopping_for_update": null,
            "boot_disk": [
              {
                "auto_delete": true,
                "device_name": "fhmbju3jg3bl0ai7uhp8",
                "disk_id": "fhmbju3jg3bl0ai7uhp8",
                "initialize_params": [
                  {
                    "block_size": 4096,
                    "description": "",
                    "image_id": "fd8jjfdspd625m5cac62",
                    "name": "",
                    "size": 10,
                    "snapshot_id": "",
                    "type": "network-hdd"
                  }
                ],
                "mode": "READ_WRITE"
              }
            ],
            "created_at": "2023-03-08T18:53:11Z",
            "description": "",
            "filesystem": [],
            "folder_id": "b1gk7s99783hucvo6t4s",
            "fqdn": "fhmohe0gp3nb69qs2uf9.auto.internal",
            "hostname": "",
            "id": "fhmohe0gp3nb69qs2uf9",
            "labels": null,
            "local_disk": [],
            "metadata": {
              "ssh-keys": "slava:ssh-rsa AAAAB3NzaC1yc2EAAAADAQABAAABgQDNOoYLXwULd7eG71Zl9/MyWbpGeOw/n45fD50VTb5KefkETeubnI6Mudg+wGDTqaSBxztAYNEWFJrewr8K3Ymk9utl7kJM2CPFEGyDNGR4bK+2NftCjDxe3p4xw+LW687QJ4VN9VPS71IYfJlswk4e1PVp1C/67LhfJmSyRMD33W8nY5uiXv3fCTalXnkgGqYiz9ccKYopqOAVtjhfaiqVAKofah0UYgClmp5KtJ1TcYFMPBNyvB+hdbLCGRdjrXgEYG5JoZuqF9WK5QQEOOCEOdcrVlUhD47eYgrQ1tbvCQgb9hH/nuxexJJ9hlAus/fZHr9etYTo1xMdxbwmwiJvxCEctqwSG7nuSuQjohB3WMzC79CvE8G0137h8bFpkuPFFegmLz+rX0UuoFkFmfmIIwx1IYh0ys8kWYVywT9ACeS7oRxfmehFyxM3NrOkeuo8M7ejysQHnaoZAbNZmKl0/X4J9uF0HxyJQ8h/rY0nKmwXZkcXTaVIwBnuIwCTqKc= slava@slava-FLAPTOP-r\n"
            },
            "metadata_options": [
              {
                "aws_v1_http_endpoint": 1,
                "aws_v1_http_token": 2,
                "gce_http_endpoint": 1,
                "gce_http_token": 1
              }
            ],
            "name": "",
            "network_acceleration_type": "standard",
            "network_interface": [
              {
                "dns_record": [],
                "index": 0,
                "ip_address": "10.1.2.7",
                "ipv4": true,
                "ipv6": false,
                "ipv6_address": "",
                "ipv6_dns_record": [],
                "mac_address": "d0:0d:18:8b:81:0c",
                "nat": true,
                "nat_dns_record": [],
                "nat_ip_address": "62.84.125.92",
                "nat_ip_version": "IPV4",
                "security_group_ids": [],
                "subnet_id": "e9bibsvqqoqfrf7ef0vo"
              }
            ],
            "placement_policy": [
              {
                "host_affinity_rules": [],
                "placement_group_id": ""
              }
            ],
            "platform_id": "standard-v1",
            "resources": [
              {
                "core_fraction": 100,
                "cores": 4,
                "gpus": 0,
                "memory": 4
              }
            ],
            "scheduling_policy": [
              {
                "preemptible": false
              }
            ],
            "secondary_disk": [],
            "service_account_id": "",
            "status": "running",
            "timeouts": null,
            "zone": "ru-central1-a"
          },
          "sensitive_attributes": [],
          "private": "eyJlMmJmYjczMC1lY2FhLTExZTYtOGY4OC0zNDM2M2JjN2M0YzAiOnsiY3JlYXRlIjozMDAwMDAwMDAwMDAsImRlbGV0ZSI6MzAwMDAwMDAwMDAwLCJ1cGRhdGUiOjMwMDAwMDAwMDAwMH0sInNjaGVtYV92ZXJzaW9uIjoiMSJ9",
          "dependencies": [
            "yandex_compute_image.centos-7"
          ]
        }
      ]
    },
    {
      "mode": "managed",
      "type": "yandex_compute_instance",
      "name": "lighthouse-01",
      "provider": "provider[\"registry.terraform.io/yandex-cloud/yandex\"]",
      "instances": [
        {
          "schema_version": 1,
          "attributes": {
            "allow_recreate": null,
            "allow_stopping_for_update": null,
            "boot_disk": [
              {
                "auto_delete": true,
                "device_name": "fhm7059l58dorl19jg6k",
                "disk_id": "fhm7059l58dorl19jg6k",
                "initialize_params": [
                  {
                    "block_size": 4096,
                    "description": "",
                    "image_id": "fd8jjfdspd625m5cac62",
                    "name": "",
                    "size": 10,
                    "snapshot_id": "",
                    "type": "network-hdd"
                  }
                ],
                "mode": "READ_WRITE"
              }
            ],
            "created_at": "2023-03-08T18:53:11Z",
            "description": "",
            "filesystem": [],
            "folder_id": "b1gk7s99783hucvo6t4s",
            "fqdn": "fhmh4fdgq70eh8pufv38.auto.internal",
            "hostname": "",
            "id": "fhmh4fdgq70eh8pufv38",
            "labels": null,
            "local_disk": [],
            "metadata": {
              "ssh-keys": "slava:ssh-rsa AAAAB3NzaC1yc2EAAAADAQABAAABgQDNOoYLXwULd7eG71Zl9/MyWbpGeOw/n45fD50VTb5KefkETeubnI6Mudg+wGDTqaSBxztAYNEWFJrewr8K3Ymk9utl7kJM2CPFEGyDNGR4bK+2NftCjDxe3p4xw+LW687QJ4VN9VPS71IYfJlswk4e1PVp1C/67LhfJmSyRMD33W8nY5uiXv3fCTalXnkgGqYiz9ccKYopqOAVtjhfaiqVAKofah0UYgClmp5KtJ1TcYFMPBNyvB+hdbLCGRdjrXgEYG5JoZuqF9WK5QQEOOCEOdcrVlUhD47eYgrQ1tbvCQgb9hH/nuxexJJ9hlAus/fZHr9etYTo1xMdxbwmwiJvxCEctqwSG7nuSuQjohB3WMzC79CvE8G0137h8bFpkuPFFegmLz+rX0UuoFkFmfmIIwx1IYh0ys8kWYVywT9ACeS7oRxfmehFyxM3NrOkeuo8M7ejysQHnaoZAbNZmKl0/X4J9uF0HxyJQ8h/rY0nKmwXZkcXTaVIwBnuIwCTqKc= slava@slava-FLAPTOP-r\n"
            },
            "metadata_options": [
              {
                "aws_v1_http_endpoint": 1,
                "aws_v1_http_token": 2,
                "gce_http_endpoint": 1,
                "gce_http_token": 1
              }
            ],
            "name": "",
            "network_acceleration_type": "standard",
            "network_interface": [
              {
                "dns_record": [],
                "index": 0,
                "ip_address": "10.1.2.14",
                "ipv4": true,
                "ipv6": false,
                "ipv6_address": "",
                "ipv6_dns_record": [],
                "mac_address": "d0:0d:11:23:db:0d",
                "nat": true,
                "nat_dns_record": [],
                "nat_ip_address": "158.160.48.48",
                "nat_ip_version": "IPV4",
                "security_group_ids": [],
                "subnet_id": "e9bibsvqqoqfrf7ef0vo"
              }
            ],
            "placement_policy": [
              {
                "host_affinity_rules": [],
                "placement_group_id": ""
              }
            ],
            "platform_id": "standard-v1",
            "resources": [
              {
                "core_fraction": 100,
                "cores": 2,
                "gpus": 0,
                "memory": 2
              }
            ],
            "scheduling_policy": [
              {
                "preemptible": false
              }
            ],
            "secondary_disk": [],
            "service_account_id": "",
            "status": "running",
            "timeouts": null,
            "zone": "ru-central1-a"
          },
          "sensitive_attributes": [],
          "private": "eyJlMmJmYjczMC1lY2FhLTExZTYtOGY4OC0zNDM2M2JjN2M0YzAiOnsiY3JlYXRlIjozMDAwMDAwMDAwMDAsImRlbGV0ZSI6MzAwMDAwMDAwMDAwLCJ1cGRhdGUiOjMwMDAwMDAwMDAwMH0sInNjaGVtYV92ZXJzaW9uIjoiMSJ9",
          "dependencies": [
            "yandex_compute_image.centos-7"
          ]
        }
      ]
    },
    {
      "mode": "managed",
      "type": "yandex_compute_instance",
      "name": "vector-01",
      "provider": "provider[\"registry.terraform.io/yandex-cloud/yandex\"]",
      "instances": [
        {
          "schema_version": 1,
          "attributes": {
            "allow_recreate": null,
            "allow_stopping_for_update": null,
            "boot_disk": [
              {
                "auto_delete": true,
                "device_name": "fhmm2jrrc7t89n703ho6",
                "disk_id": "fhmm2jrrc7t89n703ho6",
                "initialize_params": [
                  {
                    "block_size": 4096,
                    "description": "",
                    "image_id": "fd8jjfdspd625m5cac62",
                    "name": "",
                    "size": 10,
                    "snapshot_id": "",
                    "type": "network-hdd"
                  }
                ],
                "mode": "READ_WRITE"
              }
            ],
            "created_at": "2023-03-08T18:53:11Z",
            "description": "",
            "filesystem": [],
            "folder_id": "b1gk7s99783hucvo6t4s",
            "fqdn": "fhmu0h9u345k2r1ogouk.auto.internal",
            "hostname": "",
            "id": "fhmu0h9u345k2r1ogouk",
            "labels": null,
            "local_disk": [],
            "metadata": {
              "ssh-keys": "slava:ssh-rsa AAAAB3NzaC1yc2EAAAADAQABAAABgQDNOoYLXwULd7eG71Zl9/MyWbpGeOw/n45fD50VTb5KefkETeubnI6Mudg+wGDTqaSBxztAYNEWFJrewr8K3Ymk9utl7kJM2CPFEGyDNGR4bK+2NftCjDxe3p4xw+LW687QJ4VN9VPS71IYfJlswk4e1PVp1C/67LhfJmSyRMD33W8nY5uiXv3fCTalXnkgGqYiz9ccKYopqOAVtjhfaiqVAKofah0UYgClmp5KtJ1TcYFMPBNyvB+hdbLCGRdjrXgEYG5JoZuqF9WK5QQEOOCEOdcrVlUhD47eYgrQ1tbvCQgb9hH/nuxexJJ9hlAus/fZHr9etYTo1xMdxbwmwiJvxCEctqwSG7nuSuQjohB3WMzC79CvE8G0137h8bFpkuPFFegmLz+rX0UuoFkFmfmIIwx1IYh0ys8kWYVywT9ACeS7oRxfmehFyxM3NrOkeuo8M7ejysQHnaoZAbNZmKl0/X4J9uF0HxyJQ8h/rY0nKmwXZkcXTaVIwBnuIwCTqKc= slava@slava-FLAPTOP-r\n"
            },
            "metadata_options": [
              {
                "aws_v1_http_endpoint": 1,
                "aws_v1_http_token": 2,
                "gce_http_endpoint": 1,
                "gce_http_token": 1
              }
            ],
            "name": "",
            "network_acceleration_type": "standard",
            "network_interface": [
              {
                "dns_record": [],
                "index": 0,
                "ip_address": "10.1.2.15",
                "ipv4": true,
                "ipv6": false,
                "ipv6_address": "",
                "ipv6_dns_record": [],
                "mac_address": "d0:0d:1e:04:53:e1",
                "nat": true,
                "nat_dns_record": [],
                "nat_ip_address": "158.160.54.148",
                "nat_ip_version": "IPV4",
                "security_group_ids": [],
                "subnet_id": "e9bibsvqqoqfrf7ef0vo"
              }
            ],
            "placement_policy": [
              {
                "host_affinity_rules": [],
                "placement_group_id": ""
              }
            ],
            "platform_id": "standard-v1",
            "resources": [
              {
                "core_fraction": 100,
                "cores": 2,
                "gpus": 0,
                "memory": 2
              }
            ],
            "scheduling_policy": [
              {
                "preemptible": false
              }
            ],
            "secondary_disk": [],
            "service_account_id": "",
            "status": "running",
            "timeouts": null,
            "zone": "ru-central1-a"
          },
          "sensitive_attributes": [],
          "private": "eyJlMmJmYjczMC1lY2FhLTExZTYtOGY4OC0zNDM2M2JjN2M0YzAiOnsiY3JlYXRlIjozMDAwMDAwMDAwMDAsImRlbGV0ZSI6MzAwMDAwMDAwMDAwLCJ1cGRhdGUiOjMwMDAwMDAwMDAwMH0sInNjaGVtYV92ZXJzaW9uIjoiMSJ9",
          "dependencies": [
            "yandex_compute_image.centos-7"
          ]
        }
      ]
    }
  ],
  "check_results": null
}
