{
  "version": 4,
  "terraform_version": "1.3.9",
  "serial": 5,
  "lineage": "25486748-6733-6539-05e1-7bb916cecec7",
  "outputs": {
    "external_ip_address_clickhouse-01": {
      "value": "51.250.80.160",
      "type": "string"
    },
    "external_ip_address_lighthouse-01": {
      "value": "51.250.67.106",
      "type": "string"
    },
    "external_ip_address_vector-01": {
      "value": "51.250.6.78",
      "type": "string"
    },
    "internal_ip_address_clickhouse-01": {
      "value": "10.1.2.11",
      "type": "string"
    },
    "internal_ip_address_lighthouse-01": {
      "value": "10.1.2.8",
      "type": "string"
    },
    "internal_ip_address_vector-01": {
      "value": "10.1.2.4",
      "type": "string"
    }
  },
  "resources": [
    {
      "mode": "managed",
      "type": "yandex_compute_image",
      "name": "centos-7",
      "provider": "provider[\"registry.terraform.io/yandex-cloud/yandex\"]",
      "instances": [
        {
          "schema_version": 0,
          "attributes": {
            "created_at": "2023-03-02T21:46:29Z",
            "description": "",
            "family": "",
            "folder_id": "b1gk7s99783hucvo6t4s",
            "id": "fd8pummqiu9viah2rh1d",
            "labels": null,
            "min_disk_size": 10,
            "name": "",
            "os_type": null,
            "pooled": false,
            "product_ids": [
              "f2ei2tsbd97v7jap5rhc"
            ],
            "size": 1,
            "source_disk": null,
            "source_family": "centos-7",
            "source_image": null,
            "source_snapshot": null,
            "source_url": null,
            "status": "ready",
            "timeouts": null
          },
          "sensitive_attributes": [],
          "private": "eyJlMmJmYjczMC1lY2FhLTExZTYtOGY4OC0zNDM2M2JjN2M0YzAiOnsiY3JlYXRlIjozMDAwMDAwMDAwMDAsImRlbGV0ZSI6MzAwMDAwMDAwMDAwLCJ1cGRhdGUiOjMwMDAwMDAwMDAwMH19"
        }
      ]
    },
    {
      "mode": "managed",
      "type": "yandex_compute_instance",
      "name": "clickhouse-01",
      "provider": "provider[\"registry.terraform.io/yandex-cloud/yandex\"]",
      "instances": [
        {
          "schema_version": 1,
          "attributes": {
            "allow_recreate": null,
            "allow_stopping_for_update": null,
            "boot_disk": [
              {
                "auto_delete": true,
                "device_name": "fhmn8uhegufna3etgcdh",
                "disk_id": "fhmn8uhegufna3etgcdh",
                "initialize_params": [
                  {
                    "block_size": 4096,
                    "description": "",
                    "image_id": "fd8pummqiu9viah2rh1d",
                    "name": "",
                    "size": 10,
                    "snapshot_id": "",
                    "type": "network-hdd"
                  }
                ],
                "mode": "READ_WRITE"
              }
            ],
            "created_at": "2023-03-02T21:46:35Z",
            "description": "",
            "filesystem": [],
            "folder_id": "b1gk7s99783hucvo6t4s",
            "fqdn": "fhmnmq2q0flb9eekoa26.auto.internal",
            "hostname": "",
            "id": "fhmnmq2q0flb9eekoa26",
            "labels": null,
            "local_disk": [],
            "metadata": {
              "ssh-keys": "slava:ssh-rsa AAAAB3NzaC1yc2EAAAADAQABAAABgQDNOoYLXwULd7eG71Zl9/MyWbpGeOw/n45fD50VTb5KefkETeubnI6Mudg+wGDTqaSBxztAYNEWFJrewr8K3Ymk9utl7kJM2CPFEGyDNGR4bK+2NftCjDxe3p4xw+LW687QJ4VN9VPS71IYfJlswk4e1PVp1C/67LhfJmSyRMD33W8nY5uiXv3fCTalXnkgGqYiz9ccKYopqOAVtjhfaiqVAKofah0UYgClmp5KtJ1TcYFMPBNyvB+hdbLCGRdjrXgEYG5JoZuqF9WK5QQEOOCEOdcrVlUhD47eYgrQ1tbvCQgb9hH/nuxexJJ9hlAus/fZHr9etYTo1xMdxbwmwiJvxCEctqwSG7nuSuQjohB3WMzC79CvE8G0137h8bFpkuPFFegmLz+rX0UuoFkFmfmIIwx1IYh0ys8kWYVywT9ACeS7oRxfmehFyxM3NrOkeuo8M7ejysQHnaoZAbNZmKl0/X4J9uF0HxyJQ8h/rY0nKmwXZkcXTaVIwBnuIwCTqKc= slava@slava-FLAPTOP-r\n"
            },
            "metadata_options": [
              {
                "aws_v1_http_endpoint": 1,
                "aws_v1_http_token": 2,
                "gce_http_endpoint": 1,
                "gce_http_token": 1
              }
            ],
            "name": "",
            "network_acceleration_type": "standard",
            "network_interface": [
              {
                "dns_record": [],
                "index": 0,
                "ip_address": "10.1.2.11",
                "ipv4": true,
                "ipv6": false,
                "ipv6_address": "",
                "ipv6_dns_record": [],
                "mac_address": "d0:0d:17:b6:85:a0",
                "nat": true,
                "nat_dns_record": [],
                "nat_ip_address": "51.250.80.160",
                "nat_ip_version": "IPV4",
                "security_group_ids": [],
                "subnet_id": "e9bibsvqqoqfrf7ef0vo"
              }
            ],
            "placement_policy": [
              {
                "host_affinity_rules": [],
                "placement_group_id": ""
              }
            ],
            "platform_id": "standard-v1",
            "resources": [
              {
                "core_fraction": 100,
                "cores": 4,
                "gpus": 0,
                "memory": 4
              }
            ],
            "scheduling_policy": [
              {
                "preemptible": false
              }
            ],
            "secondary_disk": [],
            "service_account_id": "",
            "status": "running",
            "timeouts": null,
            "zone": "ru-central1-a"
          },
          "sensitive_attributes": [],
          "private": "eyJlMmJmYjczMC1lY2FhLTExZTYtOGY4OC0zNDM2M2JjN2M0YzAiOnsiY3JlYXRlIjozMDAwMDAwMDAwMDAsImRlbGV0ZSI6MzAwMDAwMDAwMDAwLCJ1cGRhdGUiOjMwMDAwMDAwMDAwMH0sInNjaGVtYV92ZXJzaW9uIjoiMSJ9",
          "dependencies": [
            "yandex_compute_image.centos-7"
          ]
        }
      ]
    },
    {
      "mode": "managed",
      "type": "yandex_compute_instance",
      "name": "lighthouse-01",
      "provider": "provider[\"registry.terraform.io/yandex-cloud/yandex\"]",
      "instances": [
        {
          "schema_version": 1,
          "attributes": {
            "allow_recreate": null,
            "allow_stopping_for_update": null,
            "boot_disk": [
              {
                "auto_delete": true,
                "device_name": "fhmt7ta10n4hi00dqjh8",
                "disk_id": "fhmt7ta10n4hi00dqjh8",
                "initialize_params": [
                  {
                    "block_size": 4096,
                    "description": "",
                    "image_id": "fd8pummqiu9viah2rh1d",
                    "name": "",
                    "size": 10,
                    "snapshot_id": "",
                    "type": "network-hdd"
                  }
                ],
                "mode": "READ_WRITE"
              }
            ],
            "created_at": "2023-03-02T21:46:34Z",
            "description": "",
            "filesystem": [],
            "folder_id": "b1gk7s99783hucvo6t4s",
            "fqdn": "fhmomu2bhhanm53usm9n.auto.internal",
            "hostname": "",
            "id": "fhmomu2bhhanm53usm9n",
            "labels": null,
            "local_disk": [],
            "metadata": {
              "ssh-keys": "slava:ssh-rsa AAAAB3NzaC1yc2EAAAADAQABAAABgQDNOoYLXwULd7eG71Zl9/MyWbpGeOw/n45fD50VTb5KefkETeubnI6Mudg+wGDTqaSBxztAYNEWFJrewr8K3Ymk9utl7kJM2CPFEGyDNGR4bK+2NftCjDxe3p4xw+LW687QJ4VN9VPS71IYfJlswk4e1PVp1C/67LhfJmSyRMD33W8nY5uiXv3fCTalXnkgGqYiz9ccKYopqOAVtjhfaiqVAKofah0UYgClmp5KtJ1TcYFMPBNyvB+hdbLCGRdjrXgEYG5JoZuqF9WK5QQEOOCEOdcrVlUhD47eYgrQ1tbvCQgb9hH/nuxexJJ9hlAus/fZHr9etYTo1xMdxbwmwiJvxCEctqwSG7nuSuQjohB3WMzC79CvE8G0137h8bFpkuPFFegmLz+rX0UuoFkFmfmIIwx1IYh0ys8kWYVywT9ACeS7oRxfmehFyxM3NrOkeuo8M7ejysQHnaoZAbNZmKl0/X4J9uF0HxyJQ8h/rY0nKmwXZkcXTaVIwBnuIwCTqKc= slava@slava-FLAPTOP-r\n"
            },
            "metadata_options": [
              {
                "aws_v1_http_endpoint": 1,
                "aws_v1_http_token": 2,
                "gce_http_endpoint": 1,
                "gce_http_token": 1
              }
            ],
            "name": "",
            "network_acceleration_type": "standard",
            "network_interface": [
              {
                "dns_record": [],
                "index": 0,
                "ip_address": "10.1.2.8",
                "ipv4": true,
                "ipv6": false,
                "ipv6_address": "",
                "ipv6_dns_record": [],
                "mac_address": "d0:0d:18:b7:84:b8",
                "nat": true,
                "nat_dns_record": [],
                "nat_ip_address": "51.250.67.106",
                "nat_ip_version": "IPV4",
                "security_group_ids": [],
                "subnet_id": "e9bibsvqqoqfrf7ef0vo"
              }
            ],
            "placement_policy": [
              {
                "host_affinity_rules": [],
                "placement_group_id": ""
              }
            ],
            "platform_id": "standard-v1",
            "resources": [
              {
                "core_fraction": 100,
                "cores": 2,
                "gpus": 0,
                "memory": 2
              }
            ],
            "scheduling_policy": [
              {
                "preemptible": false
              }
            ],
            "secondary_disk": [],
            "service_account_id": "",
            "status": "running",
            "timeouts": null,
            "zone": "ru-central1-a"
          },
          "sensitive_attributes": [],
          "private": "eyJlMmJmYjczMC1lY2FhLTExZTYtOGY4OC0zNDM2M2JjN2M0YzAiOnsiY3JlYXRlIjozMDAwMDAwMDAwMDAsImRlbGV0ZSI6MzAwMDAwMDAwMDAwLCJ1cGRhdGUiOjMwMDAwMDAwMDAwMH0sInNjaGVtYV92ZXJzaW9uIjoiMSJ9",
          "dependencies": [
            "yandex_compute_image.centos-7"
          ]
        }
      ]
    },
    {
      "mode": "managed",
      "type": "yandex_compute_instance",
      "name": "vector-01",
      "provider": "provider[\"registry.terraform.io/yandex-cloud/yandex\"]",
      "instances": [
        {
          "schema_version": 1,
          "attributes": {
            "allow_recreate": null,
            "allow_stopping_for_update": null,
            "boot_disk": [
              {
                "auto_delete": true,
                "device_name": "fhmpraqbp835a8q33hor",
                "disk_id": "fhmpraqbp835a8q33hor",
                "initialize_params": [
                  {
                    "block_size": 4096,
                    "description": "",
                    "image_id": "fd8pummqiu9viah2rh1d",
                    "name": "",
                    "size": 10,
                    "snapshot_id": "",
                    "type": "network-hdd"
                  }
                ],
                "mode": "READ_WRITE"
              }
            ],
            "created_at": "2023-03-02T21:46:34Z",
            "description": "",
            "filesystem": [],
            "folder_id": "b1gk7s99783hucvo6t4s",
            "fqdn": "fhmuts8veigun90ucn36.auto.internal",
            "hostname": "",
            "id": "fhmuts8veigun90ucn36",
            "labels": null,
            "local_disk": [],
            "metadata": {
              "ssh-keys": "slava:ssh-rsa AAAAB3NzaC1yc2EAAAADAQABAAABgQDNOoYLXwULd7eG71Zl9/MyWbpGeOw/n45fD50VTb5KefkETeubnI6Mudg+wGDTqaSBxztAYNEWFJrewr8K3Ymk9utl7kJM2CPFEGyDNGR4bK+2NftCjDxe3p4xw+LW687QJ4VN9VPS71IYfJlswk4e1PVp1C/67LhfJmSyRMD33W8nY5uiXv3fCTalXnkgGqYiz9ccKYopqOAVtjhfaiqVAKofah0UYgClmp5KtJ1TcYFMPBNyvB+hdbLCGRdjrXgEYG5JoZuqF9WK5QQEOOCEOdcrVlUhD47eYgrQ1tbvCQgb9hH/nuxexJJ9hlAus/fZHr9etYTo1xMdxbwmwiJvxCEctqwSG7nuSuQjohB3WMzC79CvE8G0137h8bFpkuPFFegmLz+rX0UuoFkFmfmIIwx1IYh0ys8kWYVywT9ACeS7oRxfmehFyxM3NrOkeuo8M7ejysQHnaoZAbNZmKl0/X4J9uF0HxyJQ8h/rY0nKmwXZkcXTaVIwBnuIwCTqKc= slava@slava-FLAPTOP-r\n"
            },
            "metadata_options": [
              {
                "aws_v1_http_endpoint": 1,
                "aws_v1_http_token": 2,
                "gce_http_endpoint": 1,
                "gce_http_token": 1
              }
            ],
            "name": "",
            "network_acceleration_type": "standard",
            "network_interface": [
              {
                "dns_record": [],
                "index": 0,
                "ip_address": "10.1.2.4",
                "ipv4": true,
                "ipv6": false,
                "ipv6_address": "",
                "ipv6_dns_record": [],
                "mac_address": "d0:0d:1e:ef:11:f7",
                "nat": true,
                "nat_dns_record": [],
                "nat_ip_address": "51.250.6.78",
                "nat_ip_version": "IPV4",
                "security_group_ids": [],
                "subnet_id": "e9bibsvqqoqfrf7ef0vo"
              }
            ],
            "placement_policy": [
              {
                "host_affinity_rules": [],
                "placement_group_id": ""
              }
            ],
            "platform_id": "standard-v1",
            "resources": [
              {
                "core_fraction": 100,
                "cores": 2,
                "gpus": 0,
                "memory": 2
              }
            ],
            "scheduling_policy": [
              {
                "preemptible": false
              }
            ],
            "secondary_disk": [],
            "service_account_id": "",
            "status": "running",
            "timeouts": null,
            "zone": "ru-central1-a"
          },
          "sensitive_attributes": [],
          "private": "eyJlMmJmYjczMC1lY2FhLTExZTYtOGY4OC0zNDM2M2JjN2M0YzAiOnsiY3JlYXRlIjozMDAwMDAwMDAwMDAsImRlbGV0ZSI6MzAwMDAwMDAwMDAwLCJ1cGRhdGUiOjMwMDAwMDAwMDAwMH0sInNjaGVtYV92ZXJzaW9uIjoiMSJ9",
          "dependencies": [
            "yandex_compute_image.centos-7"
          ]
        }
      ]
    }
  ],
  "check_results": null
}
