{
  "version": 4,
  "terraform_version": "1.3.9",
  "serial": 70,
  "lineage": "ffab55e3-21ec-5499-d539-c0dc27c6e107",
  "outputs": {},
  "resources": [
    {
      "mode": "managed",
      "type": "yandex_container_registry",
      "name": "default",
      "provider": "provider[\"registry.terraform.io/yandex-cloud/yandex\"]",
      "instances": [
        {
          "schema_version": 0,
          "attributes": {
            "created_at": "2023-04-15T06:16:25Z",
            "folder_id": "b1gk7s99783hucvo6t4s",
            "id": "crpm77j97ra4f73nvbuq",
            "labels": {
              "my-label": "my-label-value"
            },
            "name": "my-reestr",
            "status": "active",
            "timeouts": null
          },
          "sensitive_attributes": [],
          "private": "eyJlMmJmYjczMC1lY2FhLTExZTYtOGY4OC0zNDM2M2JjN2M0YzAiOnsiY3JlYXRlIjo5MDAwMDAwMDAwMDAsImRlbGV0ZSI6OTAwMDAwMDAwMDAwLCJ1cGRhdGUiOjkwMDAwMDAwMDAwMH19"
        }
      ]
    },
    {
      "mode": "managed",
      "type": "yandex_iam_service_account",
      "name": "k8s-sa",
      "provider": "provider[\"registry.terraform.io/yandex-cloud/yandex\"]",
      "instances": [
        {
          "schema_version": 0,
          "attributes": {
            "created_at": "2023-04-15T06:16:25Z",
            "description": "Service account for the Managed Service for Kubernetes cluster and node group",
            "folder_id": "b1gk7s99783hucvo6t4s",
            "id": "ajenhqofldtuaiv2j259",
            "name": "srv-acc-k8s",
            "timeouts": null
          },
          "sensitive_attributes": [],
          "private": "eyJlMmJmYjczMC1lY2FhLTExZTYtOGY4OC0zNDM2M2JjN2M0YzAiOnsiY3JlYXRlIjo2MDAwMDAwMDAwMCwiZGVsZXRlIjo2MDAwMDAwMDAwMCwidXBkYXRlIjo2MDAwMDAwMDAwMH19"
        }
      ]
    },
    {
      "mode": "managed",
      "type": "yandex_kubernetes_cluster",
      "name": "k8s-cluster",
      "provider": "provider[\"registry.terraform.io/yandex-cloud/yandex\"]",
      "instances": [
        {
          "schema_version": 0,
          "attributes": {
            "cluster_ipv4_range": "10.112.0.0/16",
            "cluster_ipv6_range": "",
            "created_at": "2023-04-15T06:16:31Z",
            "description": "Managed Service for Kubernetes cluster",
            "folder_id": "b1gk7s99783hucvo6t4s",
            "health": "healthy",
            "id": "catk2i02ug1cbac4167o",
            "kms_provider": [],
            "labels": {},
            "log_group_id": "ckg77e49gtcgkbblpsm0",
            "master": [
              {
                "cluster_ca_certificate": "-----BEGIN CERTIFICATE-----\nMIIC5zCCAc+gAwIBAgIBADANBgkqhkiG9w0BAQsFADAVMRMwEQYDVQQDEwprdWJl\ncm5ldGVzMB4XDTIzMDQxNTA2MTYzM1oXDTMzMDQxMjA2MTYzM1owFTETMBEGA1UE\nAxMKa3ViZXJuZXRlczCCASIwDQYJKoZIhvcNAQEBBQADggEPADCCAQoCggEBAMda\nwbPfW/Grx8HFPt4XYWkJYYySwM8PC+mjvb7+Lw+B8Po8k021HlsTjqKYKSaD+pyA\nEJ2HQ9AFDs+I2eFrS0GuP9Uf59+rg97Ut+zfi6hO2VextbKU0XtmfXRYEvCGQBYb\n+KeH7W9EwBzdRjZAND6FqvcovUq4QkGLcnJ7yFqQMprC9ki+av3EaNCX9oQUWKPs\nu4l/IyYIJa1wgbqHY+6ehHzt+bSKVlcEB5wwUrO0WSqbA3+ws+fuiEdbQ2YRDVJf\nuIOJZuT2ucXnZ51O2OIWpg3Zyt3d0qWx0tMN42oWTY0de9VoyC3KrtZKRQR5Lbot\nJG9YexdKLfRhqtB6/lECAwEAAaNCMEAwDgYDVR0PAQH/BAQDAgKkMA8GA1UdEwEB\n/wQFMAMBAf8wHQYDVR0OBBYEFJCPy7Op2jITaPjIElg3qmcatZpTMA0GCSqGSIb3\nDQEBCwUAA4IBAQBCu73P/SpkXT9Db4LGxMazeQ9tw8nLNxQtUxOq2BeBW9dmn1HA\no3lSD/iIrsJk6U0ACao1p9AbZdTfeZvJyegO/NXIu4yoxJzRScWhyc9F7zrepBpX\nb0i1R2BcCUeFP24MS1haif85xbBuy6Xhh62yMimXJlnd4/ENlofoUE6dx1R6sFna\nOzNgrwL+4B+ZlNYLRReBit7l9PQIPG5mA1zk3hnpKNgutTGmFWZiu7S4b4/01tRl\nmgDOqLSRKsP3FnENcZWrc1QE/mqXKdFcAuPJdaFui+ILRlP7OadgBFtcyPy+HlLH\nBUVlCOUYiHXVKAVgwcXIJ/cm62z8oG2SSZy0\n-----END CERTIFICATE-----\n",
                "external_v4_address": "51.250.92.149",
                "external_v4_endpoint": "https://51.250.92.149",
                "external_v6_address": "",
                "external_v6_endpoint": "",
                "internal_v4_address": "10.1.0.5",
                "internal_v4_endpoint": "https://10.1.0.5",
                "maintenance_policy": [
                  {
                    "auto_upgrade": true,
                    "maintenance_window": []
                  }
                ],
                "master_logging": [],
                "public_ip": true,
                "regional": [],
                "security_group_ids": [
                  "enp5akrfpv7rgt8h6gb8"
                ],
                "version": "1.23",
                "version_info": [
                  {
                    "current_version": "1.23",
                    "new_revision_available": false,
                    "new_revision_summary": "",
                    "version_deprecated": false
                  }
                ],
                "zonal": [
                  {
                    "subnet_id": "e9b50uga031800cuis86",
                    "zone": "ru-central1-a"
                  }
                ]
              }
            ],
            "name": "k8s-cluster",
            "network_id": "enpbnqg7g0r03mduceaf",
            "network_implementation": [],
            "network_policy_provider": null,
            "node_ipv4_cidr_mask_size": 24,
            "node_service_account_id": "ajenhqofldtuaiv2j259",
            "release_channel": "REGULAR",
            "service_account_id": "ajenhqofldtuaiv2j259",
            "service_ipv4_range": "10.96.0.0/16",
            "service_ipv6_range": "",
            "status": "running",
            "timeouts": null
          },
          "sensitive_attributes": [],
          "private": "eyJlMmJmYjczMC1lY2FhLTExZTYtOGY4OC0zNDM2M2JjN2M0YzAiOnsiY3JlYXRlIjoxODAwMDAwMDAwMDAwLCJkZWxldGUiOjEyMDAwMDAwMDAwMDAsInJlYWQiOjMwMDAwMDAwMDAwMCwidXBkYXRlIjoxODAwMDAwMDAwMDAwfX0=",
          "dependencies": [
            "yandex_iam_service_account.k8s-sa",
            "yandex_resourcemanager_folder_iam_binding.editor",
            "yandex_resourcemanager_folder_iam_binding.images-puller",
            "yandex_vpc_network.k8s-network",
            "yandex_vpc_security_group.k8s-main-sg",
            "yandex_vpc_subnet.subnet-a"
          ]
        }
      ]
    },
    {
      "mode": "managed",
      "type": "yandex_kubernetes_node_group",
      "name": "k8s-node-group",
      "provider": "provider[\"registry.terraform.io/yandex-cloud/yandex\"]",
      "instances": [
        {
          "schema_version": 0,
          "attributes": {
            "allocation_policy": [
              {
                "location": [
                  {
                    "subnet_id": "e9b50uga031800cuis86",
                    "zone": "ru-central1-a"
                  }
                ]
              }
            ],
            "allowed_unsafe_sysctls": null,
            "cluster_id": "catk2i02ug1cbac4167o",
            "created_at": "2023-04-15T06:23:48Z",
            "deploy_policy": [
              {
                "max_expansion": 3,
                "max_unavailable": 0
              }
            ],
            "description": "Node group for the Managed Service for Kubernetes cluster",
            "id": "catt8k3987a779p25r7a",
            "instance_group_id": "cl19nanbstb9o430v0m1",
            "instance_template": [
              {
                "boot_disk": [
                  {
                    "size": 64,
                    "type": "network-hdd"
                  }
                ],
                "container_runtime": [],
                "labels": null,
                "metadata": {},
                "name": "",
                "nat": true,
                "network_acceleration_type": "type_unspecified",
                "network_interface": [
                  {
                    "ipv4": true,
                    "ipv4_dns_records": [],
                    "ipv6": false,
                    "ipv6_dns_records": [],
                    "nat": true,
                    "security_group_ids": [
                      "enp5akrfpv7rgt8h6gb8"
                    ],
                    "subnet_ids": [
                      "e9b50uga031800cuis86"
                    ]
                  }
                ],
                "placement_policy": [],
                "platform_id": "standard-v2",
                "resources": [
                  {
                    "core_fraction": 100,
                    "cores": 4,
                    "gpus": 0,
                    "memory": 4
                  }
                ],
                "scheduling_policy": [
                  {
                    "preemptible": false
                  }
                ]
              }
            ],
            "labels": {},
            "maintenance_policy": [
              {
                "auto_repair": true,
                "auto_upgrade": true,
                "maintenance_window": []
              }
            ],
            "name": "k8s-node-group",
            "node_labels": null,
            "node_taints": null,
            "scale_policy": [
              {
                "auto_scale": [],
                "fixed_scale": [
                  {
                    "size": 1
                  }
                ]
              }
            ],
            "status": "running",
            "timeouts": null,
            "version": "1.23",
            "version_info": [
              {
                "current_version": "1.23",
                "new_revision_available": false,
                "new_revision_summary": "",
                "version_deprecated": false
              }
            ]
          },
          "sensitive_attributes": [],
          "private": "eyJlMmJmYjczMC1lY2FhLTExZTYtOGY4OC0zNDM2M2JjN2M0YzAiOnsiY3JlYXRlIjozNjAwMDAwMDAwMDAwLCJkZWxldGUiOjEyMDAwMDAwMDAwMDAsInJlYWQiOjYwMDAwMDAwMDAwMCwidXBkYXRlIjozNjAwMDAwMDAwMDAwfX0=",
          "dependencies": [
            "yandex_iam_service_account.k8s-sa",
            "yandex_kubernetes_cluster.k8s-cluster",
            "yandex_resourcemanager_folder_iam_binding.editor",
            "yandex_resourcemanager_folder_iam_binding.images-puller",
            "yandex_vpc_network.k8s-network",
            "yandex_vpc_security_group.k8s-main-sg",
            "yandex_vpc_subnet.subnet-a"
          ]
        }
      ]
    },
    {
      "mode": "managed",
      "type": "yandex_resourcemanager_folder_iam_binding",
      "name": "editor",
      "provider": "provider[\"registry.terraform.io/yandex-cloud/yandex\"]",
      "instances": [
        {
          "schema_version": 0,
          "attributes": {
            "folder_id": "b1gk7s99783hucvo6t4s",
            "id": "b1gk7s99783hucvo6t4s/editor",
            "members": [
              "serviceAccount:ajenhqofldtuaiv2j259"
            ],
            "role": "editor",
            "sleep_after": null
          },
          "sensitive_attributes": [],
          "private": "bnVsbA==",
          "dependencies": [
            "yandex_iam_service_account.k8s-sa"
          ]
        }
      ]
    },
    {
      "mode": "managed",
      "type": "yandex_resourcemanager_folder_iam_binding",
      "name": "images-puller",
      "provider": "provider[\"registry.terraform.io/yandex-cloud/yandex\"]",
      "instances": [
        {
          "schema_version": 0,
          "attributes": {
            "folder_id": "b1gk7s99783hucvo6t4s",
            "id": "b1gk7s99783hucvo6t4s/container-registry.images.puller",
            "members": [
              "serviceAccount:ajenhqofldtuaiv2j259"
            ],
            "role": "container-registry.images.puller",
            "sleep_after": null
          },
          "sensitive_attributes": [],
          "private": "bnVsbA==",
          "dependencies": [
            "yandex_iam_service_account.k8s-sa"
          ]
        }
      ]
    },
    {
      "mode": "managed",
      "type": "yandex_resourcemanager_folder_iam_binding",
      "name": "images-pusher",
      "provider": "provider[\"registry.terraform.io/yandex-cloud/yandex\"]",
      "instances": [
        {
          "schema_version": 0,
          "attributes": {
            "folder_id": "b1gk7s99783hucvo6t4s",
            "id": "b1gk7s99783hucvo6t4s/container-registry.images.pusher",
            "members": [
              "serviceAccount:ajenhqofldtuaiv2j259"
            ],
            "role": "container-registry.images.pusher",
            "sleep_after": null
          },
          "sensitive_attributes": [],
          "private": "bnVsbA==",
          "dependencies": [
            "yandex_iam_service_account.k8s-sa"
          ]
        }
      ]
    },
    {
      "mode": "managed",
      "type": "yandex_vpc_network",
      "name": "k8s-network",
      "provider": "provider[\"registry.terraform.io/yandex-cloud/yandex\"]",
      "instances": [
        {
          "schema_version": 0,
          "attributes": {
            "created_at": "2023-04-15T06:16:25Z",
            "default_security_group_id": "",
            "description": "Network for the Managed Service for Kubernetes cluster",
            "folder_id": "b1gk7s99783hucvo6t4s",
            "id": "enpbnqg7g0r03mduceaf",
            "labels": {},
            "name": "k8s-network",
            "subnet_ids": [],
            "timeouts": null
          },
          "sensitive_attributes": [],
          "private": "eyJlMmJmYjczMC1lY2FhLTExZTYtOGY4OC0zNDM2M2JjN2M0YzAiOnsiY3JlYXRlIjo2MDAwMDAwMDAwMCwiZGVsZXRlIjo2MDAwMDAwMDAwMCwidXBkYXRlIjo2MDAwMDAwMDAwMH19"
        }
      ]
    },
    {
      "mode": "managed",
      "type": "yandex_vpc_security_group",
      "name": "k8s-main-sg",
      "provider": "provider[\"registry.terraform.io/yandex-cloud/yandex\"]",
      "instances": [
        {
          "schema_version": 0,
          "attributes": {
            "created_at": "2023-04-15T06:16:27Z",
            "description": "Security group for the Managed Service for Kubernetes cluster",
            "egress": [],
            "folder_id": "b1gk7s99783hucvo6t4s",
            "id": "enp5akrfpv7rgt8h6gb8",
            "ingress": [],
            "labels": {},
            "name": "k8s-main-sg",
            "network_id": "enpbnqg7g0r03mduceaf",
            "status": "ACTIVE",
            "timeouts": null
          },
          "sensitive_attributes": [],
          "private": "eyJlMmJmYjczMC1lY2FhLTExZTYtOGY4OC0zNDM2M2JjN2M0YzAiOnsiY3JlYXRlIjoxODAwMDAwMDAwMDAsImRlbGV0ZSI6MTgwMDAwMDAwMDAwLCJ1cGRhdGUiOjE4MDAwMDAwMDAwMH19",
          "dependencies": [
            "yandex_vpc_network.k8s-network"
          ]
        }
      ]
    },
    {
      "mode": "managed",
      "type": "yandex_vpc_security_group_rule",
      "name": "HTTP",
      "provider": "provider[\"registry.terraform.io/yandex-cloud/yandex\"]",
      "instances": [
        {
          "schema_version": 0,
          "attributes": {
            "description": "The rule allows HTTP traffic",
            "direction": "ingress",
            "from_port": -1,
            "id": "enpmo9ujb4rei4s1h86v",
            "labels": {},
            "port": 80,
            "predefined_target": "",
            "protocol": "TCP",
            "security_group_binding": "enp5akrfpv7rgt8h6gb8",
            "security_group_id": "",
            "timeouts": null,
            "to_port": -1,
            "v4_cidr_blocks": [
              "0.0.0.0/0"
            ],
            "v6_cidr_blocks": null
          },
          "sensitive_attributes": [],
          "private": "eyJlMmJmYjczMC1lY2FhLTExZTYtOGY4OC0zNDM2M2JjN2M0YzAiOnsiY3JlYXRlIjoxODAwMDAwMDAwMDAsImRlbGV0ZSI6MTgwMDAwMDAwMDAwLCJyZWFkIjoxODAwMDAwMDAwMDAsInVwZGF0ZSI6MTgwMDAwMDAwMDAwfX0=",
          "dependencies": [
            "yandex_vpc_network.k8s-network",
            "yandex_vpc_security_group.k8s-main-sg"
          ]
        }
      ]
    },
    {
      "mode": "managed",
      "type": "yandex_vpc_security_group_rule",
      "name": "ICMP-debug",
      "provider": "provider[\"registry.terraform.io/yandex-cloud/yandex\"]",
      "instances": [
        {
          "schema_version": 0,
          "attributes": {
            "description": "The rule allows receipt of debugging ICMP packets from internal subnets",
            "direction": "ingress",
            "from_port": -1,
            "id": "enpm492gmd2fbo2198js",
            "labels": {},
            "port": -1,
            "predefined_target": "",
            "protocol": "ICMP",
            "security_group_binding": "enp5akrfpv7rgt8h6gb8",
            "security_group_id": "",
            "timeouts": null,
            "to_port": -1,
            "v4_cidr_blocks": [
              "10.1.0.0/16"
            ],
            "v6_cidr_blocks": null
          },
          "sensitive_attributes": [],
          "private": "eyJlMmJmYjczMC1lY2FhLTExZTYtOGY4OC0zNDM2M2JjN2M0YzAiOnsiY3JlYXRlIjoxODAwMDAwMDAwMDAsImRlbGV0ZSI6MTgwMDAwMDAwMDAwLCJyZWFkIjoxODAwMDAwMDAwMDAsInVwZGF0ZSI6MTgwMDAwMDAwMDAwfX0=",
          "dependencies": [
            "yandex_vpc_network.k8s-network",
            "yandex_vpc_security_group.k8s-main-sg"
          ]
        }
      ]
    },
    {
      "mode": "managed",
      "type": "yandex_vpc_security_group_rule",
      "name": "SSH",
      "provider": "provider[\"registry.terraform.io/yandex-cloud/yandex\"]",
      "instances": [
        {
          "schema_version": 0,
          "attributes": {
            "description": "The rule allows connection to Git repository by SSH on 22 port from the Internet",
            "direction": "ingress",
            "from_port": -1,
            "id": "enpa0c6pdipiobbs7oln",
            "labels": {},
            "port": 22,
            "predefined_target": "",
            "protocol": "TCP",
            "security_group_binding": "enp5akrfpv7rgt8h6gb8",
            "security_group_id": "",
            "timeouts": null,
            "to_port": -1,
            "v4_cidr_blocks": [
              "0.0.0.0/0"
            ],
            "v6_cidr_blocks": null
          },
          "sensitive_attributes": [],
          "private": "eyJlMmJmYjczMC1lY2FhLTExZTYtOGY4OC0zNDM2M2JjN2M0YzAiOnsiY3JlYXRlIjoxODAwMDAwMDAwMDAsImRlbGV0ZSI6MTgwMDAwMDAwMDAwLCJyZWFkIjoxODAwMDAwMDAwMDAsInVwZGF0ZSI6MTgwMDAwMDAwMDAwfX0=",
          "dependencies": [
            "yandex_vpc_network.k8s-network",
            "yandex_vpc_security_group.k8s-main-sg"
          ]
        }
      ]
    },
    {
      "mode": "managed",
      "type": "yandex_vpc_security_group_rule",
      "name": "a5050",
      "provider": "provider[\"registry.terraform.io/yandex-cloud/yandex\"]",
      "instances": [
        {
          "schema_version": 0,
          "attributes": {
            "description": "The rule allows connection to Yandex Container Registry on 5050 port",
            "direction": "ingress",
            "from_port": -1,
            "id": "enpj6iv91qh50r62u1oa",
            "labels": {},
            "port": 5050,
            "predefined_target": "",
            "protocol": "TCP",
            "security_group_binding": "enp5akrfpv7rgt8h6gb8",
            "security_group_id": "",
            "timeouts": null,
            "to_port": -1,
            "v4_cidr_blocks": [
              "0.0.0.0/0"
            ],
            "v6_cidr_blocks": null
          },
          "sensitive_attributes": [],
          "private": "eyJlMmJmYjczMC1lY2FhLTExZTYtOGY4OC0zNDM2M2JjN2M0YzAiOnsiY3JlYXRlIjoxODAwMDAwMDAwMDAsImRlbGV0ZSI6MTgwMDAwMDAwMDAwLCJyZWFkIjoxODAwMDAwMDAwMDAsInVwZGF0ZSI6MTgwMDAwMDAwMDAwfX0=",
          "dependencies": [
            "yandex_vpc_network.k8s-network",
            "yandex_vpc_security_group.k8s-main-sg"
          ]
        }
      ]
    },
    {
      "mode": "managed",
      "type": "yandex_vpc_security_group_rule",
      "name": "loadbalancer",
      "provider": "provider[\"registry.terraform.io/yandex-cloud/yandex\"]",
      "instances": [
        {
          "schema_version": 0,
          "attributes": {
            "description": "The rule allows availability checks from the load balancer's range of addresses",
            "direction": "ingress",
            "from_port": 0,
            "id": "enpkejvleevlejivjm97",
            "labels": {},
            "port": -1,
            "predefined_target": "loadbalancer_healthchecks",
            "protocol": "TCP",
            "security_group_binding": "enp5akrfpv7rgt8h6gb8",
            "security_group_id": "",
            "timeouts": null,
            "to_port": 65535,
            "v4_cidr_blocks": null,
            "v6_cidr_blocks": null
          },
          "sensitive_attributes": [],
          "private": "eyJlMmJmYjczMC1lY2FhLTExZTYtOGY4OC0zNDM2M2JjN2M0YzAiOnsiY3JlYXRlIjoxODAwMDAwMDAwMDAsImRlbGV0ZSI6MTgwMDAwMDAwMDAwLCJyZWFkIjoxODAwMDAwMDAwMDAsInVwZGF0ZSI6MTgwMDAwMDAwMDAwfX0=",
          "dependencies": [
            "yandex_vpc_network.k8s-network",
            "yandex_vpc_security_group.k8s-main-sg"
          ]
        }
      ]
    },
    {
      "mode": "managed",
      "type": "yandex_vpc_security_group_rule",
      "name": "node-interaction",
      "provider": "provider[\"registry.terraform.io/yandex-cloud/yandex\"]",
      "instances": [
        {
          "schema_version": 0,
          "attributes": {
            "description": "The rule allows the master-node and node-node interaction within the security group",
            "direction": "ingress",
            "from_port": 0,
            "id": "enpi6h7r09oucju1pe93",
            "labels": {},
            "port": -1,
            "predefined_target": "self_security_group",
            "protocol": "ANY",
            "security_group_binding": "enp5akrfpv7rgt8h6gb8",
            "security_group_id": "",
            "timeouts": null,
            "to_port": 65535,
            "v4_cidr_blocks": null,
            "v6_cidr_blocks": null
          },
          "sensitive_attributes": [],
          "private": "eyJlMmJmYjczMC1lY2FhLTExZTYtOGY4OC0zNDM2M2JjN2M0YzAiOnsiY3JlYXRlIjoxODAwMDAwMDAwMDAsImRlbGV0ZSI6MTgwMDAwMDAwMDAwLCJyZWFkIjoxODAwMDAwMDAwMDAsInVwZGF0ZSI6MTgwMDAwMDAwMDAwfX0=",
          "dependencies": [
            "yandex_vpc_network.k8s-network",
            "yandex_vpc_security_group.k8s-main-sg"
          ]
        }
      ]
    },
    {
      "mode": "managed",
      "type": "yandex_vpc_security_group_rule",
      "name": "outgoing-traffic",
      "provider": "provider[\"registry.terraform.io/yandex-cloud/yandex\"]",
      "instances": [
        {
          "schema_version": 0,
          "attributes": {
            "description": "The rule allows all outgoing traffic",
            "direction": "egress",
            "from_port": 0,
            "id": "enpcqkbmpcjfmdqe3vs4",
            "labels": {},
            "port": -1,
            "predefined_target": "",
            "protocol": "ANY",
            "security_group_binding": "enp5akrfpv7rgt8h6gb8",
            "security_group_id": "",
            "timeouts": null,
            "to_port": 65535,
            "v4_cidr_blocks": [
              "0.0.0.0/0"
            ],
            "v6_cidr_blocks": null
          },
          "sensitive_attributes": [],
          "private": "eyJlMmJmYjczMC1lY2FhLTExZTYtOGY4OC0zNDM2M2JjN2M0YzAiOnsiY3JlYXRlIjoxODAwMDAwMDAwMDAsImRlbGV0ZSI6MTgwMDAwMDAwMDAwLCJyZWFkIjoxODAwMDAwMDAwMDAsInVwZGF0ZSI6MTgwMDAwMDAwMDAwfX0=",
          "dependencies": [
            "yandex_vpc_network.k8s-network",
            "yandex_vpc_security_group.k8s-main-sg"
          ]
        }
      ]
    },
    {
      "mode": "managed",
      "type": "yandex_vpc_security_group_rule",
      "name": "pod-service-interaction",
      "provider": "provider[\"registry.terraform.io/yandex-cloud/yandex\"]",
      "instances": [
        {
          "schema_version": 0,
          "attributes": {
            "description": "The rule allows the pod-pod and service-service interaction",
            "direction": "ingress",
            "from_port": 0,
            "id": "enp3rjqb06jfvpfa5th1",
            "labels": {},
            "port": -1,
            "predefined_target": "",
            "protocol": "ANY",
            "security_group_binding": "enp5akrfpv7rgt8h6gb8",
            "security_group_id": "",
            "timeouts": null,
            "to_port": 65535,
            "v4_cidr_blocks": [
              "10.1.0.0/16"
            ],
            "v6_cidr_blocks": null
          },
          "sensitive_attributes": [],
          "private": "eyJlMmJmYjczMC1lY2FhLTExZTYtOGY4OC0zNDM2M2JjN2M0YzAiOnsiY3JlYXRlIjoxODAwMDAwMDAwMDAsImRlbGV0ZSI6MTgwMDAwMDAwMDAwLCJyZWFkIjoxODAwMDAwMDAwMDAsInVwZGF0ZSI6MTgwMDAwMDAwMDAwfX0=",
          "dependencies": [
            "yandex_vpc_network.k8s-network",
            "yandex_vpc_security_group.k8s-main-sg"
          ]
        }
      ]
    },
    {
      "mode": "managed",
      "type": "yandex_vpc_security_group_rule",
      "name": "port-443",
      "provider": "provider[\"registry.terraform.io/yandex-cloud/yandex\"]",
      "instances": [
        {
          "schema_version": 0,
          "attributes": {
            "description": "The rule allows connection to Kubernetes API on 443 port from the Internet",
            "direction": "ingress",
            "from_port": -1,
            "id": "enphru474a75gl4e07p6",
            "labels": {},
            "port": 443,
            "predefined_target": "",
            "protocol": "TCP",
            "security_group_binding": "enp5akrfpv7rgt8h6gb8",
            "security_group_id": "",
            "timeouts": null,
            "to_port": -1,
            "v4_cidr_blocks": [
              "0.0.0.0/0"
            ],
            "v6_cidr_blocks": null
          },
          "sensitive_attributes": [],
          "private": "eyJlMmJmYjczMC1lY2FhLTExZTYtOGY4OC0zNDM2M2JjN2M0YzAiOnsiY3JlYXRlIjoxODAwMDAwMDAwMDAsImRlbGV0ZSI6MTgwMDAwMDAwMDAwLCJyZWFkIjoxODAwMDAwMDAwMDAsInVwZGF0ZSI6MTgwMDAwMDAwMDAwfX0=",
          "dependencies": [
            "yandex_vpc_network.k8s-network",
            "yandex_vpc_security_group.k8s-main-sg"
          ]
        }
      ]
    },
    {
      "mode": "managed",
      "type": "yandex_vpc_security_group_rule",
      "name": "port-6443",
      "provider": "provider[\"registry.terraform.io/yandex-cloud/yandex\"]",
      "instances": [
        {
          "schema_version": 0,
          "attributes": {
            "description": "The rule allows connection to Kubernetes API on 6443 port from the Internet",
            "direction": "ingress",
            "from_port": -1,
            "id": "enpane7k0ikrkq2hs76s",
            "labels": {},
            "port": 6443,
            "predefined_target": "",
            "protocol": "TCP",
            "security_group_binding": "enp5akrfpv7rgt8h6gb8",
            "security_group_id": "",
            "timeouts": null,
            "to_port": -1,
            "v4_cidr_blocks": [
              "0.0.0.0/0"
            ],
            "v6_cidr_blocks": null
          },
          "sensitive_attributes": [],
          "private": "eyJlMmJmYjczMC1lY2FhLTExZTYtOGY4OC0zNDM2M2JjN2M0YzAiOnsiY3JlYXRlIjoxODAwMDAwMDAwMDAsImRlbGV0ZSI6MTgwMDAwMDAwMDAwLCJyZWFkIjoxODAwMDAwMDAwMDAsInVwZGF0ZSI6MTgwMDAwMDAwMDAwfX0=",
          "dependencies": [
            "yandex_vpc_network.k8s-network",
            "yandex_vpc_security_group.k8s-main-sg"
          ]
        }
      ]
    },
    {
      "mode": "managed",
      "type": "yandex_vpc_subnet",
      "name": "subnet-a",
      "provider": "provider[\"registry.terraform.io/yandex-cloud/yandex\"]",
      "instances": [
        {
          "schema_version": 0,
          "attributes": {
            "created_at": "2023-04-15T06:16:26Z",
            "description": "Subnet in ru-central1-a availability zone",
            "dhcp_options": [],
            "folder_id": "b1gk7s99783hucvo6t4s",
            "id": "e9b50uga031800cuis86",
            "labels": {},
            "name": "subnet-a",
            "network_id": "enpbnqg7g0r03mduceaf",
            "route_table_id": "",
            "timeouts": null,
            "v4_cidr_blocks": [
              "10.1.0.0/16"
            ],
            "v6_cidr_blocks": [],
            "zone": "ru-central1-a"
          },
          "sensitive_attributes": [],
          "private": "eyJlMmJmYjczMC1lY2FhLTExZTYtOGY4OC0zNDM2M2JjN2M0YzAiOnsiY3JlYXRlIjoxODAwMDAwMDAwMDAsImRlbGV0ZSI6MTgwMDAwMDAwMDAwLCJ1cGRhdGUiOjE4MDAwMDAwMDAwMH19",
          "dependencies": [
            "yandex_vpc_network.k8s-network"
          ]
        }
      ]
    }
  ],
  "check_results": null
}
